
Microsoft Visual Studio Solution File, Format Version 12.00
Project("{FAE04EC0-301F-11D3-BF4B-00C04F79EFBC}") = "Calculator", "Calculator\Calculator.csproj", "{CFE14C33-3E1C-4F7F-B686-0305460C7493}"
EndProject
Global
	GlobalSection(SolutionConfigurationPlatforms) = preSolution
		Debug|Any CPU = Debug|Any CPU
		Release|Any CPU = Release|Any CPU
	EndGlobalSection
	GlobalSection(ProjectConfigurationPlatforms) = postSolution
		{CFE14C33-3E1C-4F7F-B686-0305460C7493}.Debug|Any CPU.ActiveCfg = Debug|Any CPU
		{CFE14C33-3E1C-4F7F-B686-0305460C7493}.Debug|Any CPU.Build.0 = Debug|Any CPU
		{CFE14C33-3E1C-4F7F-B686-0305460C7493}.Release|Any CPU.ActiveCfg = Release|Any CPU
		{CFE14C33-3E1C-4F7F-B686-0305460C7493}.Release|Any CPU.Build.0 = Release|Any CPU
	EndGlobalSection
EndGlobal
